{
  "nodes": {
    "mini-compile-commands": {
      "flake": false,
      "locked": {
        "lastModified": 1680908860,
        "narHash": "sha256-OwbxqGAACwtkhGvkr7qLQXHT8Ssq6P0NJ7kbDhQyn5g=",
        "owner": "danielbarter",
        "repo": "mini_compile_commands",
        "rev": "604faa4e90c08f0372f7bb9b423ac74c9928893a",
        "type": "github"
      },
      "original": {
        "owner": "danielbarter",
        "repo": "mini_compile_commands",
        "type": "github"
      }
    },
    "nixpkgs": {
      "locked": {
        "lastModified": 1684446450,
        "narHash": "sha256-dooMCtDRsmQH65oCEtbjesW0OykjTwFXVC7XeeD4e9s=",
        "owner": "NixOS",
        "repo": "nixpkgs",
        "rev": "8850ac82a378c2e72e0ca88ae9d5b106858d1938",
        "type": "github"
      },
      "original": {
        "owner": "NixOS",
        "ref": "master",
        "repo": "nixpkgs",
        "type": "github"
      }
    },
    "root": {
      "inputs": {
        "mini-compile-commands": "mini-compile-commands",
        "nixpkgs": "nixpkgs"
      }
    }
  },
  "root": "root",
  "version": 7
}
