{
  "nodes": {
    "nixpkgs": {
      "locked": {
        "lastModified": 1666997295,
        "narHash": "sha256-KS84DY17Y59205yHq6H2ijUcBgvK+19bck8f8QZtA9Y=",
        "owner": "nixos",
        "repo": "nixpkgs",
        "rev": "35ca1946064b3a0aba96aca316ed5cdba82b7513",
        "type": "github"
      },
      "original": {
        "owner": "nixos",
        "ref": "master",
        "repo": "nixpkgs",
        "type": "github"
      }
    },
    "root": {
      "inputs": {
        "nixpkgs": "nixpkgs"
      }
    }
  },
  "root": "root",
  "version": 7
}
