{
  "nodes": {
    "nixpkgs": {
      "locked": {
        "lastModified": 1686060919,
        "narHash": "sha256-qU21wGaaiDQYZ1Ya+oqaM+eavk9+QFdzUmPz2bZ8WSc=",
        "owner": "nixos",
        "repo": "nixpkgs",
        "rev": "5c31944c1d468476f7827943dd636b34478db22b",
        "type": "github"
      },
      "original": {
        "owner": "nixos",
        "ref": "master",
        "repo": "nixpkgs",
        "type": "github"
      }
    },
    "root": {
      "inputs": {
        "nixpkgs": "nixpkgs"
      }
    }
  },
  "root": "root",
  "version": 7
}
